
Microsoft Visual Studio Solution File, Format Version 12.00
Project("{FAE04EC0-301F-11D3-BF4B-00C04F79EFBC}") = "LibraryApi", "LibraryApi.csproj", "{A531C112-AB04-4FC3-ABED-5A3451064E8D}"
EndProject
Project("{2150E333-8FDC-42A3-9474-1A3956D46DE8}") = "Solution Items", "Solution Items", "{184F0BAE-667F-4D20-81E0-30804497D480}"
	ProjectSection(SolutionItems) = preProject
		compose.yaml = compose.yaml
	EndProjectSection
EndProject
Global
	GlobalSection(SolutionConfigurationPlatforms) = preSolution
		Debug|Any CPU = Debug|Any CPU
		Release|Any CPU = Release|Any CPU
	EndGlobalSection
	GlobalSection(ProjectConfigurationPlatforms) = postSolution
		{A531C112-AB04-4FC3-ABED-5A3451064E8D}.Debug|Any CPU.ActiveCfg = Debug|Any CPU
		{A531C112-AB04-4FC3-ABED-5A3451064E8D}.Debug|Any CPU.Build.0 = Debug|Any CPU
		{A531C112-AB04-4FC3-ABED-5A3451064E8D}.Release|Any CPU.ActiveCfg = Release|Any CPU
		{A531C112-AB04-4FC3-ABED-5A3451064E8D}.Release|Any CPU.Build.0 = Release|Any CPU
	EndGlobalSection
EndGlobal
